
Microsoft Visual Studio Solution File, Format Version 12.00
# Visual Studio 14
VisualStudioVersion = 14.0.25420.1
MinimumVisualStudioVersion = 10.0.40219.1
Project("{FAE04EC0-301F-11D3-BF4B-00C04F79EFBC}") = "UserForm", "UserForm\UserForm.csproj", "{CA8E37FD-3BCA-4E71-8495-5E0CD1B85CEA}"
EndProject
Project("{FAE04EC0-301F-11D3-BF4B-00C04F79EFBC}") = "Userinfo", "Userinfo\Userinfo.csproj", "{5A140E9C-99C6-4678-95EA-86E408C714B2}"
EndProject
Global
	GlobalSection(SolutionConfigurationPlatforms) = preSolution
		Debug|Any CPU = Debug|Any CPU
		Release|Any CPU = Release|Any CPU
	EndGlobalSection
	GlobalSection(ProjectConfigurationPlatforms) = postSolution
		{CA8E37FD-3BCA-4E71-8495-5E0CD1B85CEA}.Debug|Any CPU.ActiveCfg = Debug|Any CPU
		{CA8E37FD-3BCA-4E71-8495-5E0CD1B85CEA}.Debug|Any CPU.Build.0 = Debug|Any CPU
		{CA8E37FD-3BCA-4E71-8495-5E0CD1B85CEA}.Release|Any CPU.ActiveCfg = Release|Any CPU
		{CA8E37FD-3BCA-4E71-8495-5E0CD1B85CEA}.Release|Any CPU.Build.0 = Release|Any CPU
		{5A140E9C-99C6-4678-95EA-86E408C714B2}.Debug|Any CPU.ActiveCfg = Debug|Any CPU
		{5A140E9C-99C6-4678-95EA-86E408C714B2}.Debug|Any CPU.Build.0 = Debug|Any CPU
		{5A140E9C-99C6-4678-95EA-86E408C714B2}.Release|Any CPU.ActiveCfg = Release|Any CPU
		{5A140E9C-99C6-4678-95EA-86E408C714B2}.Release|Any CPU.Build.0 = Release|Any CPU
	EndGlobalSection
	GlobalSection(SolutionProperties) = preSolution
		HideSolutionNode = FALSE
	EndGlobalSection
EndGlobal
