
Microsoft Visual Studio Solution File, Format Version 12.00
# Visual Studio 14
VisualStudioVersion = 14.0.25420.1
MinimumVisualStudioVersion = 10.0.40219.1
Project("{FAE04EC0-301F-11D3-BF4B-00C04F79EFBC}") = "CodeToDb", "CodeToDb\CodeToDb.csproj", "{D3D5E703-C7A5-44F0-B47D-2EB1E8D77BA4}"
EndProject
Project("{FAE04EC0-301F-11D3-BF4B-00C04F79EFBC}") = "ConsoleCodeToDb", "ConsoleCodeToDb\ConsoleCodeToDb.csproj", "{D3AD847A-1577-4F52-888E-E94B95DA5E66}"
EndProject
Global
	GlobalSection(SolutionConfigurationPlatforms) = preSolution
		Debug|Any CPU = Debug|Any CPU
		Release|Any CPU = Release|Any CPU
	EndGlobalSection
	GlobalSection(ProjectConfigurationPlatforms) = postSolution
		{D3D5E703-C7A5-44F0-B47D-2EB1E8D77BA4}.Debug|Any CPU.ActiveCfg = Debug|Any CPU
		{D3D5E703-C7A5-44F0-B47D-2EB1E8D77BA4}.Debug|Any CPU.Build.0 = Debug|Any CPU
		{D3D5E703-C7A5-44F0-B47D-2EB1E8D77BA4}.Release|Any CPU.ActiveCfg = Release|Any CPU
		{D3D5E703-C7A5-44F0-B47D-2EB1E8D77BA4}.Release|Any CPU.Build.0 = Release|Any CPU
		{D3AD847A-1577-4F52-888E-E94B95DA5E66}.Debug|Any CPU.ActiveCfg = Debug|Any CPU
		{D3AD847A-1577-4F52-888E-E94B95DA5E66}.Debug|Any CPU.Build.0 = Debug|Any CPU
		{D3AD847A-1577-4F52-888E-E94B95DA5E66}.Release|Any CPU.ActiveCfg = Release|Any CPU
		{D3AD847A-1577-4F52-888E-E94B95DA5E66}.Release|Any CPU.Build.0 = Release|Any CPU
	EndGlobalSection
	GlobalSection(SolutionProperties) = preSolution
		HideSolutionNode = FALSE
	EndGlobalSection
EndGlobal
